# This file is autogenerated, do not edit; changes may be undone by the next 'dep ensure'.


[[projects]]
  branch = "master"
  name = "golang.org/x/crypto"
  packages = [
    "curve25519",
    "ed25519",
    "ed25519/internal/edwards25519",
    "internal/chacha20",
    "internal/subtle",
    "poly1305",
    "ssh"
  ]
  revision = "0e37d006457bf46f9e6692014ba72ef82c33022c"

[solve-meta]
  analyzer-name = "dep"
  analyzer-version = 1
  inputs-digest = "ef14b21639fbe1b2016972804e34d4c886e5ce475d13a13bae107b2a7d8cb6f9"
  solver-name = "gps-cdcl"
  solver-version = 1
